PODS:
  - CarTrawlerSDK (12.1.0):
    - CTPayment (= 2.1.0)
  - CTPayment (2.1.0)

DEPENDENCIES:
  - CarTrawlerSDK (~> 12.1.0)

SPEC REPOS:
  https://github.com/cartrawler/cartrawler-ios-pods:
    - CarTrawlerSDK
    - CTPayment

SPEC CHECKSUMS:
  CarTrawlerSDK: 4c5e45498b4ee98a9d56466965eae6a89175cb06
  CTPayment: 4f32601fa3d352f3926717f79d814d65c3921346

PODFILE CHECKSUM: a9732c22057e860ba172cce09830ce73b261c8b8

COCOAPODS: 1.11.3
