// !$*UTF8*$!
{
	archiveVersion = 1;
	classes = {
	};
	objectVersion = 48;
	objects = {

/* Begin PBXBuildFile section */
		2BEDF8E320D40AE900637297 /* InPathViewController.swift in Sources */ = {isa = PBXBuildFile; fileRef = 2BEDF8E220D40AE900637297 /* InPathViewController.swift */; };
		657CBE4D20D3E53900C734DC /* AppDelegate.swift in Sources */ = {isa = PBXBuildFile; fileRef = 657CBE4C20D3E53900C734DC /* AppDelegate.swift */; };
		657CBE4F20D3E53A00C734DC /* ViewController.swift in Sources */ = {isa = PBXBuildFile; fileRef = 657CBE4E20D3E53A00C734DC /* ViewController.swift */; };
		657CBE5220D3E53A00C734DC /* Main.storyboard in Resources */ = {isa = PBXBuildFile; fileRef = 657CBE5020D3E53A00C734DC /* Main.storyboard */; };
		657CBE5420D3E53A00C734DC /* Assets.xcassets in Resources */ = {isa = PBXBuildFile; fileRef = 657CBE5320D3E53A00C734DC /* Assets.xcassets */; };
		657CBE5720D3E53A00C734DC /* LaunchScreen.storyboard in Resources */ = {isa = PBXBuildFile; fileRef = 657CBE5520D3E53A00C734DC /* LaunchScreen.storyboard */; };
		937DB172886427784A3ED5F7 /* libPods-CarTrawlerSDKIntegration.a in Frameworks */ = {isa = PBXBuildFile; fileRef = A0BE58944EB0E57443C1A40E /* libPods-CarTrawlerSDKIntegration.a */; };
		AF4DF80922C267F100CA4209 /* PaymentController.swift in Sources */ = {isa = PBXBuildFile; fileRef = AF4DF80822C267F100CA4209 /* PaymentController.swift */; };
		B070558120D7B22A008BD5AC /* Roboto-Bold.ttf in Resources */ = {isa = PBXBuildFile; fileRef = B070557F20D7B1EF008BD5AC /* Roboto-Bold.ttf */; };
		B070558220D7B22A008BD5AC /* Roboto-Italic.ttf in Resources */ = {isa = PBXBuildFile; fileRef = B070557D20D7B1EE008BD5AC /* Roboto-Italic.ttf */; };
		B070558420D7B22A008BD5AC /* Roboto-Regular.ttf in Resources */ = {isa = PBXBuildFile; fileRef = B070558020D7B1EF008BD5AC /* Roboto-Regular.ttf */; };
/* End PBXBuildFile section */

/* Begin PBXFileReference section */
		2BEDF8E220D40AE900637297 /* InPathViewController.swift */ = {isa = PBXFileReference; lastKnownFileType = sourcecode.swift; path = InPathViewController.swift; sourceTree = "<group>"; };
		30058E519B70671E8E9FCA0F /* Pods-CarTrawlerSDKIntegration.release.xcconfig */ = {isa = PBXFileReference; includeInIndex = 1; lastKnownFileType = text.xcconfig; name = "Pods-CarTrawlerSDKIntegration.release.xcconfig"; path = "Pods/Target Support Files/Pods-CarTrawlerSDKIntegration/Pods-CarTrawlerSDKIntegration.release.xcconfig"; sourceTree = "<group>"; };
		657CBE4920D3E53900C734DC /* CarTrawlerSDKIntegration.app */ = {isa = PBXFileReference; explicitFileType = wrapper.application; includeInIndex = 0; path = CarTrawlerSDKIntegration.app; sourceTree = BUILT_PRODUCTS_DIR; };
		657CBE4C20D3E53900C734DC /* AppDelegate.swift */ = {isa = PBXFileReference; lastKnownFileType = sourcecode.swift; path = AppDelegate.swift; sourceTree = "<group>"; };
		657CBE4E20D3E53A00C734DC /* ViewController.swift */ = {isa = PBXFileReference; lastKnownFileType = sourcecode.swift; path = ViewController.swift; sourceTree = "<group>"; };
		657CBE5120D3E53A00C734DC /* Base */ = {isa = PBXFileReference; lastKnownFileType = file.storyboard; name = Base; path = Base.lproj/Main.storyboard; sourceTree = "<group>"; };
		657CBE5320D3E53A00C734DC /* Assets.xcassets */ = {isa = PBXFileReference; lastKnownFileType = folder.assetcatalog; path = Assets.xcassets; sourceTree = "<group>"; };
		657CBE5620D3E53A00C734DC /* Base */ = {isa = PBXFileReference; lastKnownFileType = file.storyboard; name = Base; path = Base.lproj/LaunchScreen.storyboard; sourceTree = "<group>"; };
		657CBE5820D3E53A00C734DC /* Info.plist */ = {isa = PBXFileReference; lastKnownFileType = text.plist.xml; path = Info.plist; sourceTree = "<group>"; };
		A0BE58944EB0E57443C1A40E /* libPods-CarTrawlerSDKIntegration.a */ = {isa = PBXFileReference; explicitFileType = archive.ar; includeInIndex = 0; path = "libPods-CarTrawlerSDKIntegration.a"; sourceTree = BUILT_PRODUCTS_DIR; };
		AF4DF80822C267F100CA4209 /* PaymentController.swift */ = {isa = PBXFileReference; lastKnownFileType = sourcecode.swift; path = PaymentController.swift; sourceTree = "<group>"; };
		B070557D20D7B1EE008BD5AC /* Roboto-Italic.ttf */ = {isa = PBXFileReference; lastKnownFileType = file; path = "Roboto-Italic.ttf"; sourceTree = "<group>"; };
		B070557F20D7B1EF008BD5AC /* Roboto-Bold.ttf */ = {isa = PBXFileReference; lastKnownFileType = file; path = "Roboto-Bold.ttf"; sourceTree = "<group>"; };
		B070558020D7B1EF008BD5AC /* Roboto-Regular.ttf */ = {isa = PBXFileReference; lastKnownFileType = file; path = "Roboto-Regular.ttf"; sourceTree = "<group>"; };
		EB9AFF29FB21B7D554BE291A /* Pods-CarTrawlerSDKIntegration.debug.xcconfig */ = {isa = PBXFileReference; includeInIndex = 1; lastKnownFileType = text.xcconfig; name = "Pods-CarTrawlerSDKIntegration.debug.xcconfig"; path = "Pods/Target Support Files/Pods-CarTrawlerSDKIntegration/Pods-CarTrawlerSDKIntegration.debug.xcconfig"; sourceTree = "<group>"; };
/* End PBXFileReference section */

/* Begin PBXFrameworksBuildPhase section */
		657CBE4620D3E53900C734DC /* Frameworks */ = {
			isa = PBXFrameworksBuildPhase;
			buildActionMask = 2147483647;
			files = (
				937DB172886427784A3ED5F7 /* libPods-CarTrawlerSDKIntegration.a in Frameworks */,
			);
			runOnlyForDeploymentPostprocessing = 0;
		};
/* End PBXFrameworksBuildPhase section */

/* Begin PBXGroup section */
		657CBE4020D3E53900C734DC = {
			isa = PBXGroup;
			children = (
				657CBE4B20D3E53900C734DC /* CarTrawlerSDKIntegration */,
				657CBE4A20D3E53900C734DC /* Products */,
				EAE2C7FC763F298A7CB9936C /* Pods */,
				74E9968A9A0948F975908739 /* Frameworks */,
			);
			sourceTree = "<group>";
		};
		657CBE4A20D3E53900C734DC /* Products */ = {
			isa = PBXGroup;
			children = (
				657CBE4920D3E53900C734DC /* CarTrawlerSDKIntegration.app */,
			);
			name = Products;
			sourceTree = "<group>";
		};
		657CBE4B20D3E53900C734DC /* CarTrawlerSDKIntegration */ = {
			isa = PBXGroup;
			children = (
				657CBE4C20D3E53900C734DC /* AppDelegate.swift */,
				657CBE5020D3E53A00C734DC /* Main.storyboard */,
				657CBE5320D3E53A00C734DC /* Assets.xcassets */,
				657CBE5520D3E53A00C734DC /* LaunchScreen.storyboard */,
				657CBE5820D3E53A00C734DC /* Info.plist */,
				AF4DF80822C267F100CA4209 /* PaymentController.swift */,
				657CBE4E20D3E53A00C734DC /* ViewController.swift */,
				2BEDF8E220D40AE900637297 /* InPathViewController.swift */,
				B070558520D7B318008BD5AC /* Resources */,
			);
			path = CarTrawlerSDKIntegration;
			sourceTree = "<group>";
		};
		74E9968A9A0948F975908739 /* Frameworks */ = {
			isa = PBXGroup;
			children = (
				A0BE58944EB0E57443C1A40E /* libPods-CarTrawlerSDKIntegration.a */,
			);
			name = Frameworks;
			sourceTree = "<group>";
		};
		B070558520D7B318008BD5AC /* Resources */ = {
			isa = PBXGroup;
			children = (
				B070557F20D7B1EF008BD5AC /* Roboto-Bold.ttf */,
				B070557D20D7B1EE008BD5AC /* Roboto-Italic.ttf */,
				B070558020D7B1EF008BD5AC /* Roboto-Regular.ttf */,
			);
			path = Resources;
			sourceTree = "<group>";
		};
		EAE2C7FC763F298A7CB9936C /* Pods */ = {
			isa = PBXGroup;
			children = (
				EB9AFF29FB21B7D554BE291A /* Pods-CarTrawlerSDKIntegration.debug.xcconfig */,
				30058E519B70671E8E9FCA0F /* Pods-CarTrawlerSDKIntegration.release.xcconfig */,
			);
			name = Pods;
			sourceTree = "<group>";
		};
/* End PBXGroup section */

/* Begin PBXNativeTarget section */
		657CBE4820D3E53900C734DC /* CarTrawlerSDKIntegration */ = {
			isa = PBXNativeTarget;
			buildConfigurationList = 657CBE5B20D3E53A00C734DC /* Build configuration list for PBXNativeTarget "CarTrawlerSDKIntegration" */;
			buildPhases = (
				56C9B97CDC332BCE0F2B76A9 /* [CP] Check Pods Manifest.lock */,
				657CBE4520D3E53900C734DC /* Sources */,
				657CBE4620D3E53900C734DC /* Frameworks */,
				657CBE4720D3E53900C734DC /* Resources */,
				DEFF331CC1E7417138E602E6 /* [CP] Embed Pods Frameworks */,
			);
			buildRules = (
			);
			dependencies = (
			);
			name = CarTrawlerSDKIntegration;
			productName = CarTrawlerSDKIntegration;
			productReference = 657CBE4920D3E53900C734DC /* CarTrawlerSDKIntegration.app */;
			productType = "com.apple.product-type.application";
		};
/* End PBXNativeTarget section */

/* Begin PBXProject section */
		657CBE4120D3E53900C734DC /* Project object */ = {
			isa = PBXProject;
			attributes = {
				LastSwiftUpdateCheck = 0920;
				LastUpgradeCheck = 0940;
				ORGANIZATIONNAME = "Car Trawler";
				TargetAttributes = {
					657CBE4820D3E53900C734DC = {
						CreatedOnToolsVersion = 9.2;
						ProvisioningStyle = Automatic;
					};
				};
			};
			buildConfigurationList = 657CBE4420D3E53900C734DC /* Build configuration list for PBXProject "CarTrawlerSDKIntegration" */;
			compatibilityVersion = "Xcode 8.0";
			developmentRegion = en;
			hasScannedForEncodings = 0;
			knownRegions = (
				en,
				Base,
			);
			mainGroup = 657CBE4020D3E53900C734DC;
			productRefGroup = 657CBE4A20D3E53900C734DC /* Products */;
			projectDirPath = "";
			projectRoot = "";
			targets = (
				657CBE4820D3E53900C734DC /* CarTrawlerSDKIntegration */,
			);
		};
/* End PBXProject section */

/* Begin PBXResourcesBuildPhase section */
		657CBE4720D3E53900C734DC /* Resources */ = {
			isa = PBXResourcesBuildPhase;
			buildActionMask = 2147483647;
			files = (
				B070558120D7B22A008BD5AC /* Roboto-Bold.ttf in Resources */,
				B070558220D7B22A008BD5AC /* Roboto-Italic.ttf in Resources */,
				B070558420D7B22A008BD5AC /* Roboto-Regular.ttf in Resources */,
				657CBE5720D3E53A00C734DC /* LaunchScreen.storyboard in Resources */,
				657CBE5420D3E53A00C734DC /* Assets.xcassets in Resources */,
				657CBE5220D3E53A00C734DC /* Main.storyboard in Resources */,
			);
			runOnlyForDeploymentPostprocessing = 0;
		};
/* End PBXResourcesBuildPhase section */

/* Begin PBXShellScriptBuildPhase section */
		56C9B97CDC332BCE0F2B76A9 /* [CP] Check Pods Manifest.lock */ = {
			isa = PBXShellScriptBuildPhase;
			buildActionMask = 2147483647;
			files = (
			);
			inputPaths = (
				"${PODS_PODFILE_DIR_PATH}/Podfile.lock",
				"${PODS_ROOT}/Manifest.lock",
			);
			name = "[CP] Check Pods Manifest.lock";
			outputPaths = (
				"$(DERIVED_FILE_DIR)/Pods-CarTrawlerSDKIntegration-checkManifestLockResult.txt",
			);
			runOnlyForDeploymentPostprocessing = 0;
			shellPath = /bin/sh;
			shellScript = "diff \"${PODS_PODFILE_DIR_PATH}/Podfile.lock\" \"${PODS_ROOT}/Manifest.lock\" > /dev/null\nif [ $? != 0 ] ; then\n    # print error to STDERR\n    echo \"error: The sandbox is not in sync with the Podfile.lock. Run 'pod install' or update your CocoaPods installation.\" >&2\n    exit 1\nfi\n# This output is used by Xcode 'outputs' to avoid re-running this script phase.\necho \"SUCCESS\" > \"${SCRIPT_OUTPUT_FILE_0}\"\n";
			showEnvVarsInLog = 0;
		};
		DEFF331CC1E7417138E602E6 /* [CP] Embed Pods Frameworks */ = {
			isa = PBXShellScriptBuildPhase;
			buildActionMask = 2147483647;
			files = (
			);
			inputPaths = (
				"${PODS_ROOT}/Target Support Files/Pods-CarTrawlerSDKIntegration/Pods-CarTrawlerSDKIntegration-frameworks.sh",
				"${PODS_ROOT}/CTPayment/CTPayment.framework",
				"${PODS_ROOT}/CarTrawlerSDK/CarTrawlerSDK.framework",
			);
			name = "[CP] Embed Pods Frameworks";
			outputPaths = (
				"${TARGET_BUILD_DIR}/${FRAMEWORKS_FOLDER_PATH}/CTPayment.framework",
				"${TARGET_BUILD_DIR}/${FRAMEWORKS_FOLDER_PATH}/CarTrawlerSDK.framework",
			);
			runOnlyForDeploymentPostprocessing = 0;
			shellPath = /bin/sh;
			shellScript = "\"${PODS_ROOT}/Target Support Files/Pods-CarTrawlerSDKIntegration/Pods-CarTrawlerSDKIntegration-frameworks.sh\"\n";
			showEnvVarsInLog = 0;
		};
/* End PBXShellScriptBuildPhase section */

/* Begin PBXSourcesBuildPhase section */
		657CBE4520D3E53900C734DC /* Sources */ = {
			isa = PBXSourcesBuildPhase;
			buildActionMask = 2147483647;
			files = (
				AF4DF80922C267F100CA4209 /* PaymentController.swift in Sources */,
				657CBE4F20D3E53A00C734DC /* ViewController.swift in Sources */,
				657CBE4D20D3E53900C734DC /* AppDelegate.swift in Sources */,
				2BEDF8E320D40AE900637297 /* InPathViewController.swift in Sources */,
			);
			runOnlyForDeploymentPostprocessing = 0;
		};
/* End PBXSourcesBuildPhase section */

/* Begin PBXVariantGroup section */
		657CBE5020D3E53A00C734DC /* Main.storyboard */ = {
			isa = PBXVariantGroup;
			children = (
				657CBE5120D3E53A00C734DC /* Base */,
			);
			name = Main.storyboard;
			sourceTree = "<group>";
		};
		657CBE5520D3E53A00C734DC /* LaunchScreen.storyboard */ = {
			isa = PBXVariantGroup;
			children = (
				657CBE5620D3E53A00C734DC /* Base */,
			);
			name = LaunchScreen.storyboard;
			sourceTree = "<group>";
		};
/* End PBXVariantGroup section */

/* Begin XCBuildConfiguration section */
		657CBE5920D3E53A00C734DC /* Debug */ = {
			isa = XCBuildConfiguration;
			buildSettings = {
				ALWAYS_SEARCH_USER_PATHS = NO;
				CLANG_ANALYZER_NONNULL = YES;
				CLANG_ANALYZER_NUMBER_OBJECT_CONVERSION = YES_AGGRESSIVE;
				CLANG_CXX_LANGUAGE_STANDARD = "gnu++14";
				CLANG_CXX_LIBRARY = "libc++";
				CLANG_ENABLE_MODULES = YES;
				CLANG_ENABLE_OBJC_ARC = YES;
				CLANG_WARN_BLOCK_CAPTURE_AUTORELEASING = YES;
				CLANG_WARN_BOOL_CONVERSION = YES;
				CLANG_WARN_COMMA = YES;
				CLANG_WARN_CONSTANT_CONVERSION = YES;
				CLANG_WARN_DEPRECATED_OBJC_IMPLEMENTATIONS = YES;
				CLANG_WARN_DIRECT_OBJC_ISA_USAGE = YES_ERROR;
				CLANG_WARN_DOCUMENTATION_COMMENTS = YES;
				CLANG_WARN_EMPTY_BODY = YES;
				CLANG_WARN_ENUM_CONVERSION = YES;
				CLANG_WARN_INFINITE_RECURSION = YES;
				CLANG_WARN_INT_CONVERSION = YES;
				CLANG_WARN_NON_LITERAL_NULL_CONVERSION = YES;
				CLANG_WARN_OBJC_IMPLICIT_RETAIN_SELF = YES;
				CLANG_WARN_OBJC_LITERAL_CONVERSION = YES;
				CLANG_WARN_OBJC_ROOT_CLASS = YES_ERROR;
				CLANG_WARN_RANGE_LOOP_ANALYSIS = YES;
				CLANG_WARN_STRICT_PROTOTYPES = YES;
				CLANG_WARN_SUSPICIOUS_MOVE = YES;
				CLANG_WARN_UNGUARDED_AVAILABILITY = YES_AGGRESSIVE;
				CLANG_WARN_UNREACHABLE_CODE = YES;
				CLANG_WARN__DUPLICATE_METHOD_MATCH = YES;
				CODE_SIGN_IDENTITY = "iPhone Developer";
				COPY_PHASE_STRIP = NO;
				DEBUG_INFORMATION_FORMAT = dwarf;
				ENABLE_STRICT_OBJC_MSGSEND = YES;
				ENABLE_TESTABILITY = YES;
				GCC_C_LANGUAGE_STANDARD = gnu11;
				GCC_DYNAMIC_NO_PIC = NO;
				GCC_NO_COMMON_BLOCKS = YES;
				GCC_OPTIMIZATION_LEVEL = 0;
				GCC_PREPROCESSOR_DEFINITIONS = (
					"DEBUG=1",
					"$(inherited)",
				);
				GCC_WARN_64_TO_32_BIT_CONVERSION = YES;
				GCC_WARN_ABOUT_RETURN_TYPE = YES_ERROR;
				GCC_WARN_UNDECLARED_SELECTOR = YES;
				GCC_WARN_UNINITIALIZED_AUTOS = YES_AGGRESSIVE;
				GCC_WARN_UNUSED_FUNCTION = YES;
				GCC_WARN_UNUSED_VARIABLE = YES;
				IPHONEOS_DEPLOYMENT_TARGET = 11.2;
				MTL_ENABLE_DEBUG_INFO = YES;
				ONLY_ACTIVE_ARCH = YES;
				SDKROOT = iphoneos;
				SWIFT_ACTIVE_COMPILATION_CONDITIONS = DEBUG;
				SWIFT_OPTIMIZATION_LEVEL = "-Onone";
			};
			name = Debug;
		};
		657CBE5A20D3E53A00C734DC /* Release */ = {
			isa = XCBuildConfiguration;
			buildSettings = {
				ALWAYS_SEARCH_USER_PATHS = NO;
				CLANG_ANALYZER_NONNULL = YES;
				CLANG_ANALYZER_NUMBER_OBJECT_CONVERSION = YES_AGGRESSIVE;
				CLANG_CXX_LANGUAGE_STANDARD = "gnu++14";
				CLANG_CXX_LIBRARY = "libc++";
				CLANG_ENABLE_MODULES = YES;
				CLANG_ENABLE_OBJC_ARC = YES;
				CLANG_WARN_BLOCK_CAPTURE_AUTORELEASING = YES;
				CLANG_WARN_BOOL_CONVERSION = YES;
				CLANG_WARN_COMMA = YES;
				CLANG_WARN_CONSTANT_CONVERSION = YES;
				CLANG_WARN_DEPRECATED_OBJC_IMPLEMENTATIONS = YES;
				CLANG_WARN_DIRECT_OBJC_ISA_USAGE = YES_ERROR;
				CLANG_WARN_DOCUMENTATION_COMMENTS = YES;
				CLANG_WARN_EMPTY_BODY = YES;
				CLANG_WARN_ENUM_CONVERSION = YES;
				CLANG_WARN_INFINITE_RECURSION = YES;
				CLANG_WARN_INT_CONVERSION = YES;
				CLANG_WARN_NON_LITERAL_NULL_CONVERSION = YES;
				CLANG_WARN_OBJC_IMPLICIT_RETAIN_SELF = YES;
				CLANG_WARN_OBJC_LITERAL_CONVERSION = YES;
				CLANG_WARN_OBJC_ROOT_CLASS = YES_ERROR;
				CLANG_WARN_RANGE_LOOP_ANALYSIS = YES;
				CLANG_WARN_STRICT_PROTOTYPES = YES;
				CLANG_WARN_SUSPICIOUS_MOVE = YES;
				CLANG_WARN_UNGUARDED_AVAILABILITY = YES_AGGRESSIVE;
				CLANG_WARN_UNREACHABLE_CODE = YES;
				CLANG_WARN__DUPLICATE_METHOD_MATCH = YES;
				CODE_SIGN_IDENTITY = "iPhone Developer";
				COPY_PHASE_STRIP = NO;
				DEBUG_INFORMATION_FORMAT = "dwarf-with-dsym";
				ENABLE_NS_ASSERTIONS = NO;
				ENABLE_STRICT_OBJC_MSGSEND = YES;
				GCC_C_LANGUAGE_STANDARD = gnu11;
				GCC_NO_COMMON_BLOCKS = YES;
				GCC_WARN_64_TO_32_BIT_CONVERSION = YES;
				GCC_WARN_ABOUT_RETURN_TYPE = YES_ERROR;
				GCC_WARN_UNDECLARED_SELECTOR = YES;
				GCC_WARN_UNINITIALIZED_AUTOS = YES_AGGRESSIVE;
				GCC_WARN_UNUSED_FUNCTION = YES;
				GCC_WARN_UNUSED_VARIABLE = YES;
				IPHONEOS_DEPLOYMENT_TARGET = 11.2;
				MTL_ENABLE_DEBUG_INFO = NO;
				SDKROOT = iphoneos;
				SWIFT_OPTIMIZATION_LEVEL = "-Owholemodule";
				VALIDATE_PRODUCT = YES;
			};
			name = Release;
		};
		657CBE5C20D3E53A00C734DC /* Debug */ = {
			isa = XCBuildConfiguration;
			baseConfigurationReference = EB9AFF29FB21B7D554BE291A /* Pods-CarTrawlerSDKIntegration.debug.xcconfig */;
			buildSettings = {
				ASSETCATALOG_COMPILER_APPICON_NAME = AppIcon;
				CODE_SIGN_STYLE = Automatic;
				DEVELOPMENT_TEAM = QUTDSM5D28;
				INFOPLIST_FILE = CarTrawlerSDKIntegration/Info.plist;
				LD_RUNPATH_SEARCH_PATHS = "$(inherited) @executable_path/Frameworks";
				PRODUCT_BUNDLE_IDENTIFIER = CT.CarTrawlerSDKIntegration;
				PRODUCT_NAME = "$(TARGET_NAME)";
				SWIFT_VERSION = 4.0;
				TARGETED_DEVICE_FAMILY = "1,2";
			};
			name = Debug;
		};
		657CBE5D20D3E53A00C734DC /* Release */ = {
			isa = XCBuildConfiguration;
			baseConfigurationReference = 30058E519B70671E8E9FCA0F /* Pods-CarTrawlerSDKIntegration.release.xcconfig */;
			buildSettings = {
				ASSETCATALOG_COMPILER_APPICON_NAME = AppIcon;
				CODE_SIGN_STYLE = Automatic;
				DEVELOPMENT_TEAM = QUTDSM5D28;
				INFOPLIST_FILE = CarTrawlerSDKIntegration/Info.plist;
				LD_RUNPATH_SEARCH_PATHS = "$(inherited) @executable_path/Frameworks";
				PRODUCT_BUNDLE_IDENTIFIER = CT.CarTrawlerSDKIntegration;
				PRODUCT_NAME = "$(TARGET_NAME)";
				SWIFT_VERSION = 4.0;
				TARGETED_DEVICE_FAMILY = "1,2";
			};
			name = Release;
		};
/* End XCBuildConfiguration section */

/* Begin XCConfigurationList section */
		657CBE4420D3E53900C734DC /* Build configuration list for PBXProject "CarTrawlerSDKIntegration" */ = {
			isa = XCConfigurationList;
			buildConfigurations = (
				657CBE5920D3E53A00C734DC /* Debug */,
				657CBE5A20D3E53A00C734DC /* Release */,
			);
			defaultConfigurationIsVisible = 0;
			defaultConfigurationName = Release;
		};
		657CBE5B20D3E53A00C734DC /* Build configuration list for PBXNativeTarget "CarTrawlerSDKIntegration" */ = {
			isa = XCConfigurationList;
			buildConfigurations = (
				657CBE5C20D3E53A00C734DC /* Debug */,
				657CBE5D20D3E53A00C734DC /* Release */,
			);
			defaultConfigurationIsVisible = 0;
			defaultConfigurationName = Release;
		};
/* End XCConfigurationList section */
	};
	rootObject = 657CBE4120D3E53900C734DC /* Project object */;
}
